// !$*UTF8*$!
{
	archiveVersion = 1;
	classes = {
	};
	objectVersion = 55;
	objects = {

/* Begin PBXBuildFile section */
		1267289928B4152600C1A02F /* SettingsModels.swift in Sources */ = {isa = PBXBuildFile; fileRef = 1267289828B4152600C1A02F /* SettingsModels.swift */; };
		12CF360328A18FE900DF11FE /* AppDelegate.swift in Sources */ = {isa = PBXBuildFile; fileRef = 12CF360228A18FE900DF11FE /* AppDelegate.swift */; };
		12CF360528A18FE900DF11FE /* SceneDelegate.swift in Sources */ = {isa = PBXBuildFile; fileRef = 12CF360428A18FE900DF11FE /* SceneDelegate.swift */; };
		12CF360728A18FE900DF11FE /* HomeViewController.swift in Sources */ = {isa = PBXBuildFile; fileRef = 12CF360628A18FE900DF11FE /* HomeViewController.swift */; };
		12CF360C28A18FEA00DF11FE /* Assets.xcassets in Resources */ = {isa = PBXBuildFile; fileRef = 12CF360B28A18FEA00DF11FE /* Assets.xcassets */; };
		12CF360F28A18FEA00DF11FE /* LaunchScreen.storyboard in Resources */ = {isa = PBXBuildFile; fileRef = 12CF360D28A18FEA00DF11FE /* LaunchScreen.storyboard */; };
		12CF361D28A1925900DF11FE /* TabBarViewController.swift in Sources */ = {isa = PBXBuildFile; fileRef = 12CF361C28A1925900DF11FE /* TabBarViewController.swift */; };
		12CF361F28A1927F00DF11FE /* SearchViewController.swift in Sources */ = {isa = PBXBuildFile; fileRef = 12CF361E28A1927F00DF11FE /* SearchViewController.swift */; };
		12CF362128A1928B00DF11FE /* LibraryViewController.swift in Sources */ = {isa = PBXBuildFile; fileRef = 12CF362028A1928B00DF11FE /* LibraryViewController.swift */; };
		12CF362528A192A900DF11FE /* AuthViewController.swift in Sources */ = {isa = PBXBuildFile; fileRef = 12CF362428A192A900DF11FE /* AuthViewController.swift */; };
		12CF362728A192B500DF11FE /* WelcomeViewController.swift in Sources */ = {isa = PBXBuildFile; fileRef = 12CF362628A192B500DF11FE /* WelcomeViewController.swift */; };
		12CF362928A192C400DF11FE /* SettingsViewController.swift in Sources */ = {isa = PBXBuildFile; fileRef = 12CF362828A192C400DF11FE /* SettingsViewController.swift */; };
		12CF362E28A192ED00DF11FE /* ProfileViewController.swift in Sources */ = {isa = PBXBuildFile; fileRef = 12CF362D28A192ED00DF11FE /* ProfileViewController.swift */; };
		12CF363028A192F500DF11FE /* PlayerViewController.swift in Sources */ = {isa = PBXBuildFile; fileRef = 12CF362F28A192F500DF11FE /* PlayerViewController.swift */; };
		12CF363228A192FE00DF11FE /* PlaylistViewController.swift in Sources */ = {isa = PBXBuildFile; fileRef = 12CF363128A192FE00DF11FE /* PlaylistViewController.swift */; };
		12CF363428A1930900DF11FE /* SearchResultViewController.swift in Sources */ = {isa = PBXBuildFile; fileRef = 12CF363328A1930900DF11FE /* SearchResultViewController.swift */; };
		12CF363628A1931C00DF11FE /* AuthManager.swift in Sources */ = {isa = PBXBuildFile; fileRef = 12CF363528A1931C00DF11FE /* AuthManager.swift */; };
		12CF363828A1932B00DF11FE /* APICaller.swift in Sources */ = {isa = PBXBuildFile; fileRef = 12CF363728A1932B00DF11FE /* APICaller.swift */; };
		12CF363A28A1933600DF11FE /* HapticsManager.swift in Sources */ = {isa = PBXBuildFile; fileRef = 12CF363928A1933600DF11FE /* HapticsManager.swift */; };
		12CF363C28A1934B00DF11FE /* Playlist.swift in Sources */ = {isa = PBXBuildFile; fileRef = 12CF363B28A1934B00DF11FE /* Playlist.swift */; };
		12CF363E28A1935800DF11FE /* AudioTrack.swift in Sources */ = {isa = PBXBuildFile; fileRef = 12CF363D28A1935800DF11FE /* AudioTrack.swift */; };
		12CF364028A1936200DF11FE /* Artist.swift in Sources */ = {isa = PBXBuildFile; fileRef = 12CF363F28A1936200DF11FE /* Artist.swift */; };
		12CF364228A1936E00DF11FE /* UserProfile.swift in Sources */ = {isa = PBXBuildFile; fileRef = 12CF364128A1936E00DF11FE /* UserProfile.swift */; };
		12CF364428A4EE4900DF11FE /* Extensions.swift in Sources */ = {isa = PBXBuildFile; fileRef = 12CF364328A4EE4900DF11FE /* Extensions.swift */; };
		12F66F7D28AEDB1F0067BE63 /* AuthResponse.swift in Sources */ = {isa = PBXBuildFile; fileRef = 12F66F7C28AEDB1F0067BE63 /* AuthResponse.swift */; };
		7D1841170D84B5E4435A3A5F /* Pods_SpotifyClone.framework in Frameworks */ = {isa = PBXBuildFile; fileRef = E03E21B60BCA847965147901 /* Pods_SpotifyClone.framework */; };
/* End PBXBuildFile section */

/* Begin PBXFileReference section */
		1267289828B4152600C1A02F /* SettingsModels.swift */ = {isa = PBXFileReference; lastKnownFileType = sourcecode.swift; path = SettingsModels.swift; sourceTree = "<group>"; };
		12CF35FF28A18FE900DF11FE /* SpotifyClone.app */ = {isa = PBXFileReference; explicitFileType = wrapper.application; includeInIndex = 0; path = SpotifyClone.app; sourceTree = BUILT_PRODUCTS_DIR; };
		12CF360228A18FE900DF11FE /* AppDelegate.swift */ = {isa = PBXFileReference; lastKnownFileType = sourcecode.swift; path = AppDelegate.swift; sourceTree = "<group>"; };
		12CF360428A18FE900DF11FE /* SceneDelegate.swift */ = {isa = PBXFileReference; lastKnownFileType = sourcecode.swift; path = SceneDelegate.swift; sourceTree = "<group>"; };
		12CF360628A18FE900DF11FE /* HomeViewController.swift */ = {isa = PBXFileReference; lastKnownFileType = sourcecode.swift; path = HomeViewController.swift; sourceTree = "<group>"; };
		12CF360B28A18FEA00DF11FE /* Assets.xcassets */ = {isa = PBXFileReference; lastKnownFileType = folder.assetcatalog; path = Assets.xcassets; sourceTree = "<group>"; };
		12CF360E28A18FEA00DF11FE /* Base */ = {isa = PBXFileReference; lastKnownFileType = file.storyboard; name = Base; path = Base.lproj/LaunchScreen.storyboard; sourceTree = "<group>"; };
		12CF361028A18FEA00DF11FE /* Info.plist */ = {isa = PBXFileReference; lastKnownFileType = text.plist.xml; path = Info.plist; sourceTree = "<group>"; };
		12CF361C28A1925900DF11FE /* TabBarViewController.swift */ = {isa = PBXFileReference; lastKnownFileType = sourcecode.swift; path = TabBarViewController.swift; sourceTree = "<group>"; };
		12CF361E28A1927F00DF11FE /* SearchViewController.swift */ = {isa = PBXFileReference; lastKnownFileType = sourcecode.swift; path = SearchViewController.swift; sourceTree = "<group>"; };
		12CF362028A1928B00DF11FE /* LibraryViewController.swift */ = {isa = PBXFileReference; lastKnownFileType = sourcecode.swift; path = LibraryViewController.swift; sourceTree = "<group>"; };
		12CF362428A192A900DF11FE /* AuthViewController.swift */ = {isa = PBXFileReference; lastKnownFileType = sourcecode.swift; path = AuthViewController.swift; sourceTree = "<group>"; };
		12CF362628A192B500DF11FE /* WelcomeViewController.swift */ = {isa = PBXFileReference; lastKnownFileType = sourcecode.swift; path = WelcomeViewController.swift; sourceTree = "<group>"; };
		12CF362828A192C400DF11FE /* SettingsViewController.swift */ = {isa = PBXFileReference; lastKnownFileType = sourcecode.swift; path = SettingsViewController.swift; sourceTree = "<group>"; };
		12CF362D28A192ED00DF11FE /* ProfileViewController.swift */ = {isa = PBXFileReference; lastKnownFileType = sourcecode.swift; path = ProfileViewController.swift; sourceTree = "<group>"; };
		12CF362F28A192F500DF11FE /* PlayerViewController.swift */ = {isa = PBXFileReference; lastKnownFileType = sourcecode.swift; path = PlayerViewController.swift; sourceTree = "<group>"; };
		12CF363128A192FE00DF11FE /* PlaylistViewController.swift */ = {isa = PBXFileReference; lastKnownFileType = sourcecode.swift; path = PlaylistViewController.swift; sourceTree = "<group>"; };
		12CF363328A1930900DF11FE /* SearchResultViewController.swift */ = {isa = PBXFileReference; lastKnownFileType = sourcecode.swift; path = SearchResultViewController.swift; sourceTree = "<group>"; };
		12CF363528A1931C00DF11FE /* AuthManager.swift */ = {isa = PBXFileReference; lastKnownFileType = sourcecode.swift; path = AuthManager.swift; sourceTree = "<group>"; };
		12CF363728A1932B00DF11FE /* APICaller.swift */ = {isa = PBXFileReference; lastKnownFileType = sourcecode.swift; path = APICaller.swift; sourceTree = "<group>"; };
		12CF363928A1933600DF11FE /* HapticsManager.swift */ = {isa = PBXFileReference; lastKnownFileType = sourcecode.swift; path = HapticsManager.swift; sourceTree = "<group>"; };
		12CF363B28A1934B00DF11FE /* Playlist.swift */ = {isa = PBXFileReference; lastKnownFileType = sourcecode.swift; path = Playlist.swift; sourceTree = "<group>"; };
		12CF363D28A1935800DF11FE /* AudioTrack.swift */ = {isa = PBXFileReference; lastKnownFileType = sourcecode.swift; path = AudioTrack.swift; sourceTree = "<group>"; };
		12CF363F28A1936200DF11FE /* Artist.swift */ = {isa = PBXFileReference; lastKnownFileType = sourcecode.swift; path = Artist.swift; sourceTree = "<group>"; };
		12CF364128A1936E00DF11FE /* UserProfile.swift */ = {isa = PBXFileReference; lastKnownFileType = sourcecode.swift; path = UserProfile.swift; sourceTree = "<group>"; };
		12CF364328A4EE4900DF11FE /* Extensions.swift */ = {isa = PBXFileReference; lastKnownFileType = sourcecode.swift; path = Extensions.swift; sourceTree = "<group>"; };
		12F66F7C28AEDB1F0067BE63 /* AuthResponse.swift */ = {isa = PBXFileReference; lastKnownFileType = sourcecode.swift; path = AuthResponse.swift; sourceTree = "<group>"; };
		A0FAA206D46BB0D3AD9E050D /* Pods-SpotifyClone.release.xcconfig */ = {isa = PBXFileReference; includeInIndex = 1; lastKnownFileType = text.xcconfig; name = "Pods-SpotifyClone.release.xcconfig"; path = "Target Support Files/Pods-SpotifyClone/Pods-SpotifyClone.release.xcconfig"; sourceTree = "<group>"; };
		B4691549E34341D6D53C8A34 /* Pods-SpotifyClone.debug.xcconfig */ = {isa = PBXFileReference; includeInIndex = 1; lastKnownFileType = text.xcconfig; name = "Pods-SpotifyClone.debug.xcconfig"; path = "Target Support Files/Pods-SpotifyClone/Pods-SpotifyClone.debug.xcconfig"; sourceTree = "<group>"; };
		E03E21B60BCA847965147901 /* Pods_SpotifyClone.framework */ = {isa = PBXFileReference; explicitFileType = wrapper.framework; includeInIndex = 0; path = Pods_SpotifyClone.framework; sourceTree = BUILT_PRODUCTS_DIR; };
/* End PBXFileReference section */

/* Begin PBXFrameworksBuildPhase section */
		12CF35FC28A18FE900DF11FE /* Frameworks */ = {
			isa = PBXFrameworksBuildPhase;
			buildActionMask = 2147483647;
			files = (
				7D1841170D84B5E4435A3A5F /* Pods_SpotifyClone.framework in Frameworks */,
			);
			runOnlyForDeploymentPostprocessing = 0;
		};
/* End PBXFrameworksBuildPhase section */

/* Begin PBXGroup section */
		12CF35F628A18FE900DF11FE = {
			isa = PBXGroup;
			children = (
				12CF360128A18FE900DF11FE /* SpotifyClone */,
				12CF360028A18FE900DF11FE /* Products */,
				78E28840527601DFC63C94BA /* Pods */,
				558FAF70EC7032EDD65FFE7C /* Frameworks */,
			);
			sourceTree = "<group>";
		};
		12CF360028A18FE900DF11FE /* Products */ = {
			isa = PBXGroup;
			children = (
				12CF35FF28A18FE900DF11FE /* SpotifyClone.app */,
			);
			name = Products;
			sourceTree = "<group>";
		};
		12CF360128A18FE900DF11FE /* SpotifyClone */ = {
			isa = PBXGroup;
			children = (
				12CF361B28A1906100DF11FE /* Resources */,
				12CF361A28A1905B00DF11FE /* Managers */,
				12CF361928A1904F00DF11FE /* ViewModels */,
				12CF361628A1900A00DF11FE /* Models */,
				12CF361728A1901C00DF11FE /* Views */,
				12CF361828A1902200DF11FE /* Controllers */,
				12CF361028A18FEA00DF11FE /* Info.plist */,
			);
			path = SpotifyClone;
			sourceTree = "<group>";
		};
		12CF361628A1900A00DF11FE /* Models */ = {
			isa = PBXGroup;
			children = (
				12CF363B28A1934B00DF11FE /* Playlist.swift */,
				12CF363D28A1935800DF11FE /* AudioTrack.swift */,
				12CF363F28A1936200DF11FE /* Artist.swift */,
				12CF364128A1936E00DF11FE /* UserProfile.swift */,
				12F66F7C28AEDB1F0067BE63 /* AuthResponse.swift */,
				1267289828B4152600C1A02F /* SettingsModels.swift */,
			);
			path = Models;
			sourceTree = "<group>";
		};
		12CF361728A1901C00DF11FE /* Views */ = {
			isa = PBXGroup;
			children = (
				12CF360D28A18FEA00DF11FE /* LaunchScreen.storyboard */,
			);
			path = Views;
			sourceTree = "<group>";
		};
		12CF361828A1902200DF11FE /* Controllers */ = {
			isa = PBXGroup;
			children = (
				12CF362328A1929B00DF11FE /* Other */,
				12CF362228A1928E00DF11FE /* Core */,
			);
			path = Controllers;
			sourceTree = "<group>";
		};
		12CF361928A1904F00DF11FE /* ViewModels */ = {
			isa = PBXGroup;
			children = (
			);
			path = ViewModels;
			sourceTree = "<group>";
		};
		12CF361A28A1905B00DF11FE /* Managers */ = {
			isa = PBXGroup;
			children = (
				12CF363528A1931C00DF11FE /* AuthManager.swift */,
				12CF363728A1932B00DF11FE /* APICaller.swift */,
				12CF363928A1933600DF11FE /* HapticsManager.swift */,
			);
			path = Managers;
			sourceTree = "<group>";
		};
		12CF361B28A1906100DF11FE /* Resources */ = {
			isa = PBXGroup;
			children = (
				12CF360228A18FE900DF11FE /* AppDelegate.swift */,
				12CF360428A18FE900DF11FE /* SceneDelegate.swift */,
				12CF360B28A18FEA00DF11FE /* Assets.xcassets */,
				12CF364328A4EE4900DF11FE /* Extensions.swift */,
			);
			path = Resources;
			sourceTree = "<group>";
		};
		12CF362228A1928E00DF11FE /* Core */ = {
			isa = PBXGroup;
			children = (
				12CF361C28A1925900DF11FE /* TabBarViewController.swift */,
				12CF360628A18FE900DF11FE /* HomeViewController.swift */,
				12CF361E28A1927F00DF11FE /* SearchViewController.swift */,
				12CF362028A1928B00DF11FE /* LibraryViewController.swift */,
			);
			path = Core;
			sourceTree = "<group>";
		};
		12CF362328A1929B00DF11FE /* Other */ = {
			isa = PBXGroup;
			children = (
				12CF362428A192A900DF11FE /* AuthViewController.swift */,
				12CF362628A192B500DF11FE /* WelcomeViewController.swift */,
				12CF362828A192C400DF11FE /* SettingsViewController.swift */,
				12CF362D28A192ED00DF11FE /* ProfileViewController.swift */,
				12CF362F28A192F500DF11FE /* PlayerViewController.swift */,
				12CF363128A192FE00DF11FE /* PlaylistViewController.swift */,
				12CF363328A1930900DF11FE /* SearchResultViewController.swift */,
			);
			path = Other;
			sourceTree = "<group>";
		};
		558FAF70EC7032EDD65FFE7C /* Frameworks */ = {
			isa = PBXGroup;
			children = (
				E03E21B60BCA847965147901 /* Pods_SpotifyClone.framework */,
			);
			name = Frameworks;
			sourceTree = "<group>";
		};
		78E28840527601DFC63C94BA /* Pods */ = {
			isa = PBXGroup;
			children = (
				B4691549E34341D6D53C8A34 /* Pods-SpotifyClone.debug.xcconfig */,
				A0FAA206D46BB0D3AD9E050D /* Pods-SpotifyClone.release.xcconfig */,
			);
			name = Pods;
			path = Pods;
			sourceTree = "<group>";
		};
/* End PBXGroup section */

/* Begin PBXNativeTarget section */
		12CF35FE28A18FE900DF11FE /* SpotifyClone */ = {
			isa = PBXNativeTarget;
			buildConfigurationList = 12CF361328A18FEA00DF11FE /* Build configuration list for PBXNativeTarget "SpotifyClone" */;
			buildPhases = (
				54BC6F9FF234BFC6A83C7F41 /* [CP] Check Pods Manifest.lock */,
				12CF35FB28A18FE900DF11FE /* Sources */,
				12CF35FC28A18FE900DF11FE /* Frameworks */,
				12CF35FD28A18FE900DF11FE /* Resources */,
				5FFD3FBBC20DB02F90DC9DB8 /* [CP] Embed Pods Frameworks */,
			);
			buildRules = (
			);
			dependencies = (
			);
			name = SpotifyClone;
			productName = SpotifyClone;
			productReference = 12CF35FF28A18FE900DF11FE /* SpotifyClone.app */;
			productType = "com.apple.product-type.application";
		};
/* End PBXNativeTarget section */

/* Begin PBXProject section */
		12CF35F728A18FE900DF11FE /* Project object */ = {
			isa = PBXProject;
			attributes = {
				BuildIndependentTargetsInParallel = 1;
				LastSwiftUpdateCheck = 1330;
				LastUpgradeCheck = 1330;
				TargetAttributes = {
					12CF35FE28A18FE900DF11FE = {
						CreatedOnToolsVersion = 13.3.1;
					};
				};
			};
			buildConfigurationList = 12CF35FA28A18FE900DF11FE /* Build configuration list for PBXProject "SpotifyClone" */;
			compatibilityVersion = "Xcode 13.0";
			developmentRegion = en;
			hasScannedForEncodings = 0;
			knownRegions = (
				en,
				Base,
			);
			mainGroup = 12CF35F628A18FE900DF11FE;
			productRefGroup = 12CF360028A18FE900DF11FE /* Products */;
			projectDirPath = "";
			projectRoot = "";
			targets = (
				12CF35FE28A18FE900DF11FE /* SpotifyClone */,
			);
		};
/* End PBXProject section */

/* Begin PBXResourcesBuildPhase section */
		12CF35FD28A18FE900DF11FE /* Resources */ = {
			isa = PBXResourcesBuildPhase;
			buildActionMask = 2147483647;
			files = (
				12CF360F28A18FEA00DF11FE /* LaunchScreen.storyboard in Resources */,
				12CF360C28A18FEA00DF11FE /* Assets.xcassets in Resources */,
			);
			runOnlyForDeploymentPostprocessing = 0;
		};
/* End PBXResourcesBuildPhase section */

/* Begin PBXShellScriptBuildPhase section */
		54BC6F9FF234BFC6A83C7F41 /* [CP] Check Pods Manifest.lock */ = {
			isa = PBXShellScriptBuildPhase;
			buildActionMask = 2147483647;
			files = (
			);
			inputFileListPaths = (
			);
			inputPaths = (
				"${PODS_PODFILE_DIR_PATH}/Podfile.lock",
				"${PODS_ROOT}/Manifest.lock",
			);
			name = "[CP] Check Pods Manifest.lock";
			outputFileListPaths = (
			);
			outputPaths = (
				"$(DERIVED_FILE_DIR)/Pods-SpotifyClone-checkManifestLockResult.txt",
			);
			runOnlyForDeploymentPostprocessing = 0;
			shellPath = /bin/sh;
			shellScript = "diff \"${PODS_PODFILE_DIR_PATH}/Podfile.lock\" \"${PODS_ROOT}/Manifest.lock\" > /dev/null\nif [ $? != 0 ] ; then\n    # print error to STDERR\n    echo \"error: The sandbox is not in sync with the Podfile.lock. Run 'pod install' or update your CocoaPods installation.\" >&2\n    exit 1\nfi\n# This output is used by Xcode 'outputs' to avoid re-running this script phase.\necho \"SUCCESS\" > \"${SCRIPT_OUTPUT_FILE_0}\"\n";
			showEnvVarsInLog = 0;
		};
		5FFD3FBBC20DB02F90DC9DB8 /* [CP] Embed Pods Frameworks */ = {
			isa = PBXShellScriptBuildPhase;
			buildActionMask = 2147483647;
			files = (
			);
			inputFileListPaths = (
				"${PODS_ROOT}/Target Support Files/Pods-SpotifyClone/Pods-SpotifyClone-frameworks-${CONFIGURATION}-input-files.xcfilelist",
			);
			name = "[CP] Embed Pods Frameworks";
			outputFileListPaths = (
				"${PODS_ROOT}/Target Support Files/Pods-SpotifyClone/Pods-SpotifyClone-frameworks-${CONFIGURATION}-output-files.xcfilelist",
			);
			runOnlyForDeploymentPostprocessing = 0;
			shellPath = /bin/sh;
			shellScript = "\"${PODS_ROOT}/Target Support Files/Pods-SpotifyClone/Pods-SpotifyClone-frameworks.sh\"\n";
			showEnvVarsInLog = 0;
		};
/* End PBXShellScriptBuildPhase section */

/* Begin PBXSourcesBuildPhase section */
		12CF35FB28A18FE900DF11FE /* Sources */ = {
			isa = PBXSourcesBuildPhase;
			buildActionMask = 2147483647;
			files = (
				12CF361F28A1927F00DF11FE /* SearchViewController.swift in Sources */,
				12CF363C28A1934B00DF11FE /* Playlist.swift in Sources */,
				12CF363628A1931C00DF11FE /* AuthManager.swift in Sources */,
				12CF362728A192B500DF11FE /* WelcomeViewController.swift in Sources */,
				12CF364028A1936200DF11FE /* Artist.swift in Sources */,
				12CF362E28A192ED00DF11FE /* ProfileViewController.swift in Sources */,
				12CF361D28A1925900DF11FE /* TabBarViewController.swift in Sources */,
				12CF360728A18FE900DF11FE /* HomeViewController.swift in Sources */,
				12F66F7D28AEDB1F0067BE63 /* AuthResponse.swift in Sources */,
				12CF363A28A1933600DF11FE /* HapticsManager.swift in Sources */,
				12CF363E28A1935800DF11FE /* AudioTrack.swift in Sources */,
				12CF362528A192A900DF11FE /* AuthViewController.swift in Sources */,
				12CF360328A18FE900DF11FE /* AppDelegate.swift in Sources */,
				12CF364228A1936E00DF11FE /* UserProfile.swift in Sources */,
				12CF364428A4EE4900DF11FE /* Extensions.swift in Sources */,
				12CF362128A1928B00DF11FE /* LibraryViewController.swift in Sources */,
				12CF363228A192FE00DF11FE /* PlaylistViewController.swift in Sources */,
				1267289928B4152600C1A02F /* SettingsModels.swift in Sources */,
				12CF360528A18FE900DF11FE /* SceneDelegate.swift in Sources */,
				12CF363028A192F500DF11FE /* PlayerViewController.swift in Sources */,
				12CF363428A1930900DF11FE /* SearchResultViewController.swift in Sources */,
				12CF363828A1932B00DF11FE /* APICaller.swift in Sources */,
				12CF362928A192C400DF11FE /* SettingsViewController.swift in Sources */,
			);
			runOnlyForDeploymentPostprocessing = 0;
		};
/* End PBXSourcesBuildPhase section */

/* Begin PBXVariantGroup section */
		12CF360D28A18FEA00DF11FE /* LaunchScreen.storyboard */ = {
			isa = PBXVariantGroup;
			children = (
				12CF360E28A18FEA00DF11FE /* Base */,
			);
			name = LaunchScreen.storyboard;
			sourceTree = "<group>";
		};
/* End PBXVariantGroup section */

/* Begin XCBuildConfiguration section */
		12CF361128A18FEA00DF11FE /* Debug */ = {
			isa = XCBuildConfiguration;
			buildSettings = {
				ALWAYS_SEARCH_USER_PATHS = NO;
				CLANG_ANALYZER_NONNULL = YES;
				CLANG_ANALYZER_NUMBER_OBJECT_CONVERSION = YES_AGGRESSIVE;
				CLANG_CXX_LANGUAGE_STANDARD = "gnu++17";
				CLANG_ENABLE_MODULES = YES;
				CLANG_ENABLE_OBJC_ARC = YES;
				CLANG_ENABLE_OBJC_WEAK = YES;
				CLANG_WARN_BLOCK_CAPTURE_AUTORELEASING = YES;
				CLANG_WARN_BOOL_CONVERSION = YES;
				CLANG_WARN_COMMA = YES;
				CLANG_WARN_CONSTANT_CONVERSION = YES;
				CLANG_WARN_DEPRECATED_OBJC_IMPLEMENTATIONS = YES;
				CLANG_WARN_DIRECT_OBJC_ISA_USAGE = YES_ERROR;
				CLANG_WARN_DOCUMENTATION_COMMENTS = YES;
				CLANG_WARN_EMPTY_BODY = YES;
				CLANG_WARN_ENUM_CONVERSION = YES;
				CLANG_WARN_INFINITE_RECURSION = YES;
				CLANG_WARN_INT_CONVERSION = YES;
				CLANG_WARN_NON_LITERAL_NULL_CONVERSION = YES;
				CLANG_WARN_OBJC_IMPLICIT_RETAIN_SELF = YES;
				CLANG_WARN_OBJC_LITERAL_CONVERSION = YES;
				CLANG_WARN_OBJC_ROOT_CLASS = YES_ERROR;
				CLANG_WARN_QUOTED_INCLUDE_IN_FRAMEWORK_HEADER = YES;
				CLANG_WARN_RANGE_LOOP_ANALYSIS = YES;
				CLANG_WARN_STRICT_PROTOTYPES = YES;
				CLANG_WARN_SUSPICIOUS_MOVE = YES;
				CLANG_WARN_UNGUARDED_AVAILABILITY = YES_AGGRESSIVE;
				CLANG_WARN_UNREACHABLE_CODE = YES;
				CLANG_WARN__DUPLICATE_METHOD_MATCH = YES;
				COPY_PHASE_STRIP = NO;
				DEBUG_INFORMATION_FORMAT = dwarf;
				ENABLE_STRICT_OBJC_MSGSEND = YES;
				ENABLE_TESTABILITY = YES;
				GCC_C_LANGUAGE_STANDARD = gnu11;
				GCC_DYNAMIC_NO_PIC = NO;
				GCC_NO_COMMON_BLOCKS = YES;
				GCC_OPTIMIZATION_LEVEL = 0;
				GCC_PREPROCESSOR_DEFINITIONS = (
					"DEBUG=1",
					"$(inherited)",
				);
				GCC_WARN_64_TO_32_BIT_CONVERSION = YES;
				GCC_WARN_ABOUT_RETURN_TYPE = YES_ERROR;
				GCC_WARN_UNDECLARED_SELECTOR = YES;
				GCC_WARN_UNINITIALIZED_AUTOS = YES_AGGRESSIVE;
				GCC_WARN_UNUSED_FUNCTION = YES;
				GCC_WARN_UNUSED_VARIABLE = YES;
				IPHONEOS_DEPLOYMENT_TARGET = 15.4;
				MTL_ENABLE_DEBUG_INFO = INCLUDE_SOURCE;
				MTL_FAST_MATH = YES;
				ONLY_ACTIVE_ARCH = YES;
				SDKROOT = iphoneos;
				SWIFT_ACTIVE_COMPILATION_CONDITIONS = DEBUG;
				SWIFT_OPTIMIZATION_LEVEL = "-Onone";
			};
			name = Debug;
		};
		12CF361228A18FEA00DF11FE /* Release */ = {
			isa = XCBuildConfiguration;
			buildSettings = {
				ALWAYS_SEARCH_USER_PATHS = NO;
				CLANG_ANALYZER_NONNULL = YES;
				CLANG_ANALYZER_NUMBER_OBJECT_CONVERSION = YES_AGGRESSIVE;
				CLANG_CXX_LANGUAGE_STANDARD = "gnu++17";
				CLANG_ENABLE_MODULES = YES;
				CLANG_ENABLE_OBJC_ARC = YES;
				CLANG_ENABLE_OBJC_WEAK = YES;
				CLANG_WARN_BLOCK_CAPTURE_AUTORELEASING = YES;
				CLANG_WARN_BOOL_CONVERSION = YES;
				CLANG_WARN_COMMA = YES;
				CLANG_WARN_CONSTANT_CONVERSION = YES;
				CLANG_WARN_DEPRECATED_OBJC_IMPLEMENTATIONS = YES;
				CLANG_WARN_DIRECT_OBJC_ISA_USAGE = YES_ERROR;
				CLANG_WARN_DOCUMENTATION_COMMENTS = YES;
				CLANG_WARN_EMPTY_BODY = YES;
				CLANG_WARN_ENUM_CONVERSION = YES;
				CLANG_WARN_INFINITE_RECURSION = YES;
				CLANG_WARN_INT_CONVERSION = YES;
				CLANG_WARN_NON_LITERAL_NULL_CONVERSION = YES;
				CLANG_WARN_OBJC_IMPLICIT_RETAIN_SELF = YES;
				CLANG_WARN_OBJC_LITERAL_CONVERSION = YES;
				CLANG_WARN_OBJC_ROOT_CLASS = YES_ERROR;
				CLANG_WARN_QUOTED_INCLUDE_IN_FRAMEWORK_HEADER = YES;
				CLANG_WARN_RANGE_LOOP_ANALYSIS = YES;
				CLANG_WARN_STRICT_PROTOTYPES = YES;
				CLANG_WARN_SUSPICIOUS_MOVE = YES;
				CLANG_WARN_UNGUARDED_AVAILABILITY = YES_AGGRESSIVE;
				CLANG_WARN_UNREACHABLE_CODE = YES;
				CLANG_WARN__DUPLICATE_METHOD_MATCH = YES;
				COPY_PHASE_STRIP = NO;
				DEBUG_INFORMATION_FORMAT = "dwarf-with-dsym";
				ENABLE_NS_ASSERTIONS = NO;
				ENABLE_STRICT_OBJC_MSGSEND = YES;
				GCC_C_LANGUAGE_STANDARD = gnu11;
				GCC_NO_COMMON_BLOCKS = YES;
				GCC_WARN_64_TO_32_BIT_CONVERSION = YES;
				GCC_WARN_ABOUT_RETURN_TYPE = YES_ERROR;
				GCC_WARN_UNDECLARED_SELECTOR = YES;
				GCC_WARN_UNINITIALIZED_AUTOS = YES_AGGRESSIVE;
				GCC_WARN_UNUSED_FUNCTION = YES;
				GCC_WARN_UNUSED_VARIABLE = YES;
				IPHONEOS_DEPLOYMENT_TARGET = 15.4;
				MTL_ENABLE_DEBUG_INFO = NO;
				MTL_FAST_MATH = YES;
				SDKROOT = iphoneos;
				SWIFT_COMPILATION_MODE = wholemodule;
				SWIFT_OPTIMIZATION_LEVEL = "-O";
				VALIDATE_PRODUCT = YES;
			};
			name = Release;
		};
		12CF361428A18FEA00DF11FE /* Debug */ = {
			isa = XCBuildConfiguration;
			baseConfigurationReference = B4691549E34341D6D53C8A34 /* Pods-SpotifyClone.debug.xcconfig */;
			buildSettings = {
				ASSETCATALOG_COMPILER_APPICON_NAME = AppIcon;
				ASSETCATALOG_COMPILER_GLOBAL_ACCENT_COLOR_NAME = AccentColor;
				CODE_SIGN_STYLE = Automatic;
				CURRENT_PROJECT_VERSION = 1;
				DEVELOPMENT_TEAM = 6HVC2JF8NK;
				GENERATE_INFOPLIST_FILE = YES;
				INFOPLIST_FILE = SpotifyClone/Info.plist;
				INFOPLIST_KEY_UIApplicationSupportsIndirectInputEvents = YES;
				INFOPLIST_KEY_UILaunchStoryboardName = LaunchScreen;
				INFOPLIST_KEY_UISupportedInterfaceOrientations_iPad = "UIInterfaceOrientationPortrait UIInterfaceOrientationPortraitUpsideDown UIInterfaceOrientationLandscapeLeft UIInterfaceOrientationLandscapeRight";
				INFOPLIST_KEY_UISupportedInterfaceOrientations_iPhone = "UIInterfaceOrientationPortrait UIInterfaceOrientationLandscapeLeft UIInterfaceOrientationLandscapeRight";
				LD_RUNPATH_SEARCH_PATHS = (
					"$(inherited)",
					"@executable_path/Frameworks",
				);
				MARKETING_VERSION = 1.0;
				PRODUCT_BUNDLE_IDENTIFIER = com.gavrbot.SpotifyClone;
				PRODUCT_NAME = "$(TARGET_NAME)";
				SWIFT_EMIT_LOC_STRINGS = YES;
				SWIFT_VERSION = 5.0;
				TARGETED_DEVICE_FAMILY = "1,2";
			};
			name = Debug;
		};
		12CF361528A18FEA00DF11FE /* Release */ = {
			isa = XCBuildConfiguration;
			baseConfigurationReference = A0FAA206D46BB0D3AD9E050D /* Pods-SpotifyClone.release.xcconfig */;
			buildSettings = {
				ASSETCATALOG_COMPILER_APPICON_NAME = AppIcon;
				ASSETCATALOG_COMPILER_GLOBAL_ACCENT_COLOR_NAME = AccentColor;
				CODE_SIGN_STYLE = Automatic;
				CURRENT_PROJECT_VERSION = 1;
				DEVELOPMENT_TEAM = 6HVC2JF8NK;
				GENERATE_INFOPLIST_FILE = YES;
				INFOPLIST_FILE = SpotifyClone/Info.plist;
				INFOPLIST_KEY_UIApplicationSupportsIndirectInputEvents = YES;
				INFOPLIST_KEY_UILaunchStoryboardName = LaunchScreen;
				INFOPLIST_KEY_UISupportedInterfaceOrientations_iPad = "UIInterfaceOrientationPortrait UIInterfaceOrientationPortraitUpsideDown UIInterfaceOrientationLandscapeLeft UIInterfaceOrientationLandscapeRight";
				INFOPLIST_KEY_UISupportedInterfaceOrientations_iPhone = "UIInterfaceOrientationPortrait UIInterfaceOrientationLandscapeLeft UIInterfaceOrientationLandscapeRight";
				LD_RUNPATH_SEARCH_PATHS = (
					"$(inherited)",
					"@executable_path/Frameworks",
				);
				MARKETING_VERSION = 1.0;
				PRODUCT_BUNDLE_IDENTIFIER = com.gavrbot.SpotifyClone;
				PRODUCT_NAME = "$(TARGET_NAME)";
				SWIFT_EMIT_LOC_STRINGS = YES;
				SWIFT_VERSION = 5.0;
				TARGETED_DEVICE_FAMILY = "1,2";
			};
			name = Release;
		};
/* End XCBuildConfiguration section */

/* Begin XCConfigurationList section */
		12CF35FA28A18FE900DF11FE /* Build configuration list for PBXProject "SpotifyClone" */ = {
			isa = XCConfigurationList;
			buildConfigurations = (
				12CF361128A18FEA00DF11FE /* Debug */,
				12CF361228A18FEA00DF11FE /* Release */,
			);
			defaultConfigurationIsVisible = 0;
			defaultConfigurationName = Release;
		};
		12CF361328A18FEA00DF11FE /* Build configuration list for PBXNativeTarget "SpotifyClone" */ = {
			isa = XCConfigurationList;
			buildConfigurations = (
				12CF361428A18FEA00DF11FE /* Debug */,
				12CF361528A18FEA00DF11FE /* Release */,
			);
			defaultConfigurationIsVisible = 0;
			defaultConfigurationName = Release;
		};
/* End XCConfigurationList section */
	};
	rootObject = 12CF35F728A18FE900DF11FE /* Project object */;
}
