// !$*UTF8*$!
{
	archiveVersion = 1;
	classes = {
	};
	objectVersion = 55;
	objects = {

/* Begin PBXBuildFile section */
		127E7E3C2868E9CD0001E6EF /* iCaloriesApp.swift in Sources */ = {isa = PBXBuildFile; fileRef = 127E7E3B2868E9CD0001E6EF /* iCaloriesApp.swift */; };
		127E7E3E2868E9CD0001E6EF /* ContentView.swift in Sources */ = {isa = PBXBuildFile; fileRef = 127E7E3D2868E9CD0001E6EF /* ContentView.swift */; };
		127E7E402868E9CE0001E6EF /* Assets.xcassets in Resources */ = {isa = PBXBuildFile; fileRef = 127E7E3F2868E9CE0001E6EF /* Assets.xcassets */; };
		127E7E432868E9CE0001E6EF /* Preview Assets.xcassets in Resources */ = {isa = PBXBuildFile; fileRef = 127E7E422868E9CE0001E6EF /* Preview Assets.xcassets */; };
		127E7E4C2868EA2C0001E6EF /* FoodModel.xcdatamodeld in Sources */ = {isa = PBXBuildFile; fileRef = 127E7E4A2868EA2C0001E6EF /* FoodModel.xcdatamodeld */; };
		127E7E4E2868EABF0001E6EF /* DataController.swift in Sources */ = {isa = PBXBuildFile; fileRef = 127E7E4D2868EABF0001E6EF /* DataController.swift */; };
		127E7E522868ED3F0001E6EF /* AddFoodView.swift in Sources */ = {isa = PBXBuildFile; fileRef = 127E7E512868ED3F0001E6EF /* AddFoodView.swift */; };
		127E7E542868EE8D0001E6EF /* TimeFormatting.swift in Sources */ = {isa = PBXBuildFile; fileRef = 127E7E532868EE8D0001E6EF /* TimeFormatting.swift */; };
		127E7E562868F5E90001E6EF /* EditFoodView.swift in Sources */ = {isa = PBXBuildFile; fileRef = 127E7E552868F5E90001E6EF /* EditFoodView.swift */; };
/* End PBXBuildFile section */

/* Begin PBXFileReference section */
		127E7E382868E9CD0001E6EF /* iCalories.app */ = {isa = PBXFileReference; explicitFileType = wrapper.application; includeInIndex = 0; path = iCalories.app; sourceTree = BUILT_PRODUCTS_DIR; };
		127E7E3B2868E9CD0001E6EF /* iCaloriesApp.swift */ = {isa = PBXFileReference; lastKnownFileType = sourcecode.swift; path = iCaloriesApp.swift; sourceTree = "<group>"; };
		127E7E3D2868E9CD0001E6EF /* ContentView.swift */ = {isa = PBXFileReference; lastKnownFileType = sourcecode.swift; path = ContentView.swift; sourceTree = "<group>"; };
		127E7E3F2868E9CE0001E6EF /* Assets.xcassets */ = {isa = PBXFileReference; lastKnownFileType = folder.assetcatalog; path = Assets.xcassets; sourceTree = "<group>"; };
		127E7E422868E9CE0001E6EF /* Preview Assets.xcassets */ = {isa = PBXFileReference; lastKnownFileType = folder.assetcatalog; path = "Preview Assets.xcassets"; sourceTree = "<group>"; };
		127E7E4B2868EA2C0001E6EF /* FoodModel.xcdatamodel */ = {isa = PBXFileReference; lastKnownFileType = wrapper.xcdatamodel; path = FoodModel.xcdatamodel; sourceTree = "<group>"; };
		127E7E4D2868EABF0001E6EF /* DataController.swift */ = {isa = PBXFileReference; lastKnownFileType = sourcecode.swift; path = DataController.swift; sourceTree = "<group>"; };
		127E7E512868ED3F0001E6EF /* AddFoodView.swift */ = {isa = PBXFileReference; lastKnownFileType = sourcecode.swift; path = AddFoodView.swift; sourceTree = "<group>"; };
		127E7E532868EE8D0001E6EF /* TimeFormatting.swift */ = {isa = PBXFileReference; lastKnownFileType = sourcecode.swift; path = TimeFormatting.swift; sourceTree = "<group>"; };
		127E7E552868F5E90001E6EF /* EditFoodView.swift */ = {isa = PBXFileReference; lastKnownFileType = sourcecode.swift; path = EditFoodView.swift; sourceTree = "<group>"; };
/* End PBXFileReference section */

/* Begin PBXFrameworksBuildPhase section */
		127E7E352868E9CD0001E6EF /* Frameworks */ = {
			isa = PBXFrameworksBuildPhase;
			buildActionMask = 2147483647;
			files = (
			);
			runOnlyForDeploymentPostprocessing = 0;
		};
/* End PBXFrameworksBuildPhase section */

/* Begin PBXGroup section */
		127E7E2F2868E9CD0001E6EF = {
			isa = PBXGroup;
			children = (
				127E7E3A2868E9CD0001E6EF /* iCalories */,
				127E7E392868E9CD0001E6EF /* Products */,
			);
			sourceTree = "<group>";
		};
		127E7E392868E9CD0001E6EF /* Products */ = {
			isa = PBXGroup;
			children = (
				127E7E382868E9CD0001E6EF /* iCalories.app */,
			);
			name = Products;
			sourceTree = "<group>";
		};
		127E7E3A2868E9CD0001E6EF /* iCalories */ = {
			isa = PBXGroup;
			children = (
				127E7E3B2868E9CD0001E6EF /* iCaloriesApp.swift */,
				127E7E502868ED2D0001E6EF /* Helpers */,
				127E7E4F2868EC300001E6EF /* Views */,
				127E7E492868EA110001E6EF /* DataModel */,
				127E7E3F2868E9CE0001E6EF /* Assets.xcassets */,
				127E7E412868E9CE0001E6EF /* Preview Content */,
			);
			path = iCalories;
			sourceTree = "<group>";
		};
		127E7E412868E9CE0001E6EF /* Preview Content */ = {
			isa = PBXGroup;
			children = (
				127E7E422868E9CE0001E6EF /* Preview Assets.xcassets */,
			);
			path = "Preview Content";
			sourceTree = "<group>";
		};
		127E7E492868EA110001E6EF /* DataModel */ = {
			isa = PBXGroup;
			children = (
				127E7E4A2868EA2C0001E6EF /* FoodModel.xcdatamodeld */,
				127E7E4D2868EABF0001E6EF /* DataController.swift */,
			);
			path = DataModel;
			sourceTree = "<group>";
		};
		127E7E4F2868EC300001E6EF /* Views */ = {
			isa = PBXGroup;
			children = (
				127E7E3D2868E9CD0001E6EF /* ContentView.swift */,
				127E7E512868ED3F0001E6EF /* AddFoodView.swift */,
				127E7E552868F5E90001E6EF /* EditFoodView.swift */,
			);
			path = Views;
			sourceTree = "<group>";
		};
		127E7E502868ED2D0001E6EF /* Helpers */ = {
			isa = PBXGroup;
			children = (
				127E7E532868EE8D0001E6EF /* TimeFormatting.swift */,
			);
			path = Helpers;
			sourceTree = "<group>";
		};
/* End PBXGroup section */

/* Begin PBXNativeTarget section */
		127E7E372868E9CD0001E6EF /* iCalories */ = {
			isa = PBXNativeTarget;
			buildConfigurationList = 127E7E462868E9CE0001E6EF /* Build configuration list for PBXNativeTarget "iCalories" */;
			buildPhases = (
				127E7E342868E9CD0001E6EF /* Sources */,
				127E7E352868E9CD0001E6EF /* Frameworks */,
				127E7E362868E9CD0001E6EF /* Resources */,
			);
			buildRules = (
			);
			dependencies = (
			);
			name = iCalories;
			productName = iCalories;
			productReference = 127E7E382868E9CD0001E6EF /* iCalories.app */;
			productType = "com.apple.product-type.application";
		};
/* End PBXNativeTarget section */

/* Begin PBXProject section */
		127E7E302868E9CD0001E6EF /* Project object */ = {
			isa = PBXProject;
			attributes = {
				BuildIndependentTargetsInParallel = 1;
				LastSwiftUpdateCheck = 1330;
				LastUpgradeCheck = 1330;
				TargetAttributes = {
					127E7E372868E9CD0001E6EF = {
						CreatedOnToolsVersion = 13.3.1;
					};
				};
			};
			buildConfigurationList = 127E7E332868E9CD0001E6EF /* Build configuration list for PBXProject "iCalories" */;
			compatibilityVersion = "Xcode 13.0";
			developmentRegion = en;
			hasScannedForEncodings = 0;
			knownRegions = (
				en,
				Base,
			);
			mainGroup = 127E7E2F2868E9CD0001E6EF;
			productRefGroup = 127E7E392868E9CD0001E6EF /* Products */;
			projectDirPath = "";
			projectRoot = "";
			targets = (
				127E7E372868E9CD0001E6EF /* iCalories */,
			);
		};
/* End PBXProject section */

/* Begin PBXResourcesBuildPhase section */
		127E7E362868E9CD0001E6EF /* Resources */ = {
			isa = PBXResourcesBuildPhase;
			buildActionMask = 2147483647;
			files = (
				127E7E432868E9CE0001E6EF /* Preview Assets.xcassets in Resources */,
				127E7E402868E9CE0001E6EF /* Assets.xcassets in Resources */,
			);
			runOnlyForDeploymentPostprocessing = 0;
		};
/* End PBXResourcesBuildPhase section */

/* Begin PBXSourcesBuildPhase section */
		127E7E342868E9CD0001E6EF /* Sources */ = {
			isa = PBXSourcesBuildPhase;
			buildActionMask = 2147483647;
			files = (
				127E7E522868ED3F0001E6EF /* AddFoodView.swift in Sources */,
				127E7E3E2868E9CD0001E6EF /* ContentView.swift in Sources */,
				127E7E4E2868EABF0001E6EF /* DataController.swift in Sources */,
				127E7E3C2868E9CD0001E6EF /* iCaloriesApp.swift in Sources */,
				127E7E4C2868EA2C0001E6EF /* FoodModel.xcdatamodeld in Sources */,
				127E7E562868F5E90001E6EF /* EditFoodView.swift in Sources */,
				127E7E542868EE8D0001E6EF /* TimeFormatting.swift in Sources */,
			);
			runOnlyForDeploymentPostprocessing = 0;
		};
/* End PBXSourcesBuildPhase section */

/* Begin XCBuildConfiguration section */
		127E7E442868E9CE0001E6EF /* Debug */ = {
			isa = XCBuildConfiguration;
			buildSettings = {
				ALWAYS_SEARCH_USER_PATHS = NO;
				CLANG_ANALYZER_NONNULL = YES;
				CLANG_ANALYZER_NUMBER_OBJECT_CONVERSION = YES_AGGRESSIVE;
				CLANG_CXX_LANGUAGE_STANDARD = "gnu++17";
				CLANG_ENABLE_MODULES = YES;
				CLANG_ENABLE_OBJC_ARC = YES;
				CLANG_ENABLE_OBJC_WEAK = YES;
				CLANG_WARN_BLOCK_CAPTURE_AUTORELEASING = YES;
				CLANG_WARN_BOOL_CONVERSION = YES;
				CLANG_WARN_COMMA = YES;
				CLANG_WARN_CONSTANT_CONVERSION = YES;
				CLANG_WARN_DEPRECATED_OBJC_IMPLEMENTATIONS = YES;
				CLANG_WARN_DIRECT_OBJC_ISA_USAGE = YES_ERROR;
				CLANG_WARN_DOCUMENTATION_COMMENTS = YES;
				CLANG_WARN_EMPTY_BODY = YES;
				CLANG_WARN_ENUM_CONVERSION = YES;
				CLANG_WARN_INFINITE_RECURSION = YES;
				CLANG_WARN_INT_CONVERSION = YES;
				CLANG_WARN_NON_LITERAL_NULL_CONVERSION = YES;
				CLANG_WARN_OBJC_IMPLICIT_RETAIN_SELF = YES;
				CLANG_WARN_OBJC_LITERAL_CONVERSION = YES;
				CLANG_WARN_OBJC_ROOT_CLASS = YES_ERROR;
				CLANG_WARN_QUOTED_INCLUDE_IN_FRAMEWORK_HEADER = YES;
				CLANG_WARN_RANGE_LOOP_ANALYSIS = YES;
				CLANG_WARN_STRICT_PROTOTYPES = YES;
				CLANG_WARN_SUSPICIOUS_MOVE = YES;
				CLANG_WARN_UNGUARDED_AVAILABILITY = YES_AGGRESSIVE;
				CLANG_WARN_UNREACHABLE_CODE = YES;
				CLANG_WARN__DUPLICATE_METHOD_MATCH = YES;
				COPY_PHASE_STRIP = NO;
				DEBUG_INFORMATION_FORMAT = dwarf;
				ENABLE_STRICT_OBJC_MSGSEND = YES;
				ENABLE_TESTABILITY = YES;
				GCC_C_LANGUAGE_STANDARD = gnu11;
				GCC_DYNAMIC_NO_PIC = NO;
				GCC_NO_COMMON_BLOCKS = YES;
				GCC_OPTIMIZATION_LEVEL = 0;
				GCC_PREPROCESSOR_DEFINITIONS = (
					"DEBUG=1",
					"$(inherited)",
				);
				GCC_WARN_64_TO_32_BIT_CONVERSION = YES;
				GCC_WARN_ABOUT_RETURN_TYPE = YES_ERROR;
				GCC_WARN_UNDECLARED_SELECTOR = YES;
				GCC_WARN_UNINITIALIZED_AUTOS = YES_AGGRESSIVE;
				GCC_WARN_UNUSED_FUNCTION = YES;
				GCC_WARN_UNUSED_VARIABLE = YES;
				IPHONEOS_DEPLOYMENT_TARGET = 15.4;
				MTL_ENABLE_DEBUG_INFO = INCLUDE_SOURCE;
				MTL_FAST_MATH = YES;
				ONLY_ACTIVE_ARCH = YES;
				SDKROOT = iphoneos;
				SWIFT_ACTIVE_COMPILATION_CONDITIONS = DEBUG;
				SWIFT_OPTIMIZATION_LEVEL = "-Onone";
			};
			name = Debug;
		};
		127E7E452868E9CE0001E6EF /* Release */ = {
			isa = XCBuildConfiguration;
			buildSettings = {
				ALWAYS_SEARCH_USER_PATHS = NO;
				CLANG_ANALYZER_NONNULL = YES;
				CLANG_ANALYZER_NUMBER_OBJECT_CONVERSION = YES_AGGRESSIVE;
				CLANG_CXX_LANGUAGE_STANDARD = "gnu++17";
				CLANG_ENABLE_MODULES = YES;
				CLANG_ENABLE_OBJC_ARC = YES;
				CLANG_ENABLE_OBJC_WEAK = YES;
				CLANG_WARN_BLOCK_CAPTURE_AUTORELEASING = YES;
				CLANG_WARN_BOOL_CONVERSION = YES;
				CLANG_WARN_COMMA = YES;
				CLANG_WARN_CONSTANT_CONVERSION = YES;
				CLANG_WARN_DEPRECATED_OBJC_IMPLEMENTATIONS = YES;
				CLANG_WARN_DIRECT_OBJC_ISA_USAGE = YES_ERROR;
				CLANG_WARN_DOCUMENTATION_COMMENTS = YES;
				CLANG_WARN_EMPTY_BODY = YES;
				CLANG_WARN_ENUM_CONVERSION = YES;
				CLANG_WARN_INFINITE_RECURSION = YES;
				CLANG_WARN_INT_CONVERSION = YES;
				CLANG_WARN_NON_LITERAL_NULL_CONVERSION = YES;
				CLANG_WARN_OBJC_IMPLICIT_RETAIN_SELF = YES;
				CLANG_WARN_OBJC_LITERAL_CONVERSION = YES;
				CLANG_WARN_OBJC_ROOT_CLASS = YES_ERROR;
				CLANG_WARN_QUOTED_INCLUDE_IN_FRAMEWORK_HEADER = YES;
				CLANG_WARN_RANGE_LOOP_ANALYSIS = YES;
				CLANG_WARN_STRICT_PROTOTYPES = YES;
				CLANG_WARN_SUSPICIOUS_MOVE = YES;
				CLANG_WARN_UNGUARDED_AVAILABILITY = YES_AGGRESSIVE;
				CLANG_WARN_UNREACHABLE_CODE = YES;
				CLANG_WARN__DUPLICATE_METHOD_MATCH = YES;
				COPY_PHASE_STRIP = NO;
				DEBUG_INFORMATION_FORMAT = "dwarf-with-dsym";
				ENABLE_NS_ASSERTIONS = NO;
				ENABLE_STRICT_OBJC_MSGSEND = YES;
				GCC_C_LANGUAGE_STANDARD = gnu11;
				GCC_NO_COMMON_BLOCKS = YES;
				GCC_WARN_64_TO_32_BIT_CONVERSION = YES;
				GCC_WARN_ABOUT_RETURN_TYPE = YES_ERROR;
				GCC_WARN_UNDECLARED_SELECTOR = YES;
				GCC_WARN_UNINITIALIZED_AUTOS = YES_AGGRESSIVE;
				GCC_WARN_UNUSED_FUNCTION = YES;
				GCC_WARN_UNUSED_VARIABLE = YES;
				IPHONEOS_DEPLOYMENT_TARGET = 15.4;
				MTL_ENABLE_DEBUG_INFO = NO;
				MTL_FAST_MATH = YES;
				SDKROOT = iphoneos;
				SWIFT_COMPILATION_MODE = wholemodule;
				SWIFT_OPTIMIZATION_LEVEL = "-O";
				VALIDATE_PRODUCT = YES;
			};
			name = Release;
		};
		127E7E472868E9CE0001E6EF /* Debug */ = {
			isa = XCBuildConfiguration;
			buildSettings = {
				ASSETCATALOG_COMPILER_APPICON_NAME = AppIcon;
				ASSETCATALOG_COMPILER_GLOBAL_ACCENT_COLOR_NAME = AccentColor;
				CODE_SIGN_STYLE = Automatic;
				CURRENT_PROJECT_VERSION = 1;
				DEVELOPMENT_ASSET_PATHS = "\"iCalories/Preview Content\"";
				DEVELOPMENT_TEAM = 6HVC2JF8NK;
				ENABLE_PREVIEWS = YES;
				GENERATE_INFOPLIST_FILE = YES;
				INFOPLIST_KEY_UIApplicationSceneManifest_Generation = YES;
				INFOPLIST_KEY_UIApplicationSupportsIndirectInputEvents = YES;
				INFOPLIST_KEY_UILaunchScreen_Generation = YES;
				INFOPLIST_KEY_UISupportedInterfaceOrientations_iPad = "UIInterfaceOrientationPortrait UIInterfaceOrientationPortraitUpsideDown UIInterfaceOrientationLandscapeLeft UIInterfaceOrientationLandscapeRight";
				INFOPLIST_KEY_UISupportedInterfaceOrientations_iPhone = "UIInterfaceOrientationPortrait UIInterfaceOrientationLandscapeLeft UIInterfaceOrientationLandscapeRight";
				LD_RUNPATH_SEARCH_PATHS = (
					"$(inherited)",
					"@executable_path/Frameworks",
				);
				MARKETING_VERSION = 1.0;
				PRODUCT_BUNDLE_IDENTIFIER = com.gavrbot.iCalories;
				PRODUCT_NAME = "$(TARGET_NAME)";
				SWIFT_EMIT_LOC_STRINGS = YES;
				SWIFT_VERSION = 5.0;
				TARGETED_DEVICE_FAMILY = "1,2";
			};
			name = Debug;
		};
		127E7E482868E9CE0001E6EF /* Release */ = {
			isa = XCBuildConfiguration;
			buildSettings = {
				ASSETCATALOG_COMPILER_APPICON_NAME = AppIcon;
				ASSETCATALOG_COMPILER_GLOBAL_ACCENT_COLOR_NAME = AccentColor;
				CODE_SIGN_STYLE = Automatic;
				CURRENT_PROJECT_VERSION = 1;
				DEVELOPMENT_ASSET_PATHS = "\"iCalories/Preview Content\"";
				DEVELOPMENT_TEAM = 6HVC2JF8NK;
				ENABLE_PREVIEWS = YES;
				GENERATE_INFOPLIST_FILE = YES;
				INFOPLIST_KEY_UIApplicationSceneManifest_Generation = YES;
				INFOPLIST_KEY_UIApplicationSupportsIndirectInputEvents = YES;
				INFOPLIST_KEY_UILaunchScreen_Generation = YES;
				INFOPLIST_KEY_UISupportedInterfaceOrientations_iPad = "UIInterfaceOrientationPortrait UIInterfaceOrientationPortraitUpsideDown UIInterfaceOrientationLandscapeLeft UIInterfaceOrientationLandscapeRight";
				INFOPLIST_KEY_UISupportedInterfaceOrientations_iPhone = "UIInterfaceOrientationPortrait UIInterfaceOrientationLandscapeLeft UIInterfaceOrientationLandscapeRight";
				LD_RUNPATH_SEARCH_PATHS = (
					"$(inherited)",
					"@executable_path/Frameworks",
				);
				MARKETING_VERSION = 1.0;
				PRODUCT_BUNDLE_IDENTIFIER = com.gavrbot.iCalories;
				PRODUCT_NAME = "$(TARGET_NAME)";
				SWIFT_EMIT_LOC_STRINGS = YES;
				SWIFT_VERSION = 5.0;
				TARGETED_DEVICE_FAMILY = "1,2";
			};
			name = Release;
		};
/* End XCBuildConfiguration section */

/* Begin XCConfigurationList section */
		127E7E332868E9CD0001E6EF /* Build configuration list for PBXProject "iCalories" */ = {
			isa = XCConfigurationList;
			buildConfigurations = (
				127E7E442868E9CE0001E6EF /* Debug */,
				127E7E452868E9CE0001E6EF /* Release */,
			);
			defaultConfigurationIsVisible = 0;
			defaultConfigurationName = Release;
		};
		127E7E462868E9CE0001E6EF /* Build configuration list for PBXNativeTarget "iCalories" */ = {
			isa = XCConfigurationList;
			buildConfigurations = (
				127E7E472868E9CE0001E6EF /* Debug */,
				127E7E482868E9CE0001E6EF /* Release */,
			);
			defaultConfigurationIsVisible = 0;
			defaultConfigurationName = Release;
		};
/* End XCConfigurationList section */

/* Begin XCVersionGroup section */
		127E7E4A2868EA2C0001E6EF /* FoodModel.xcdatamodeld */ = {
			isa = XCVersionGroup;
			children = (
				127E7E4B2868EA2C0001E6EF /* FoodModel.xcdatamodel */,
			);
			currentVersion = 127E7E4B2868EA2C0001E6EF /* FoodModel.xcdatamodel */;
			path = FoodModel.xcdatamodeld;
			sourceTree = "<group>";
			versionGroupType = wrapper.xcdatamodel;
		};
/* End XCVersionGroup section */
	};
	rootObject = 127E7E302868E9CD0001E6EF /* Project object */;
}
